{
  "name": "site-creator-vinext-starter",
  "version": "0.1.0",
  "lockfileVersion": 3,
  "requires": true,
  "packages": {
    "": {
      "name": "site-creator-vinext-starter",
      "version": "0.1.0",
      "dependencies": {
        "drizzle-orm": "0.45.2",
        "next": "16.2.6",
        "react": "19.2.6",
        "react-dom": "19.2.6"
      },
      "devDependencies": {
        "@cloudflare/vite-plugin": "1.37.1",
        "@tailwindcss/postcss": "4.2.1",
        "@types/node": "22.19.19",
        "@types/react": "19.2.14",
        "@types/react-dom": "19.2.3",
        "@vitejs/plugin-react": "6.0.2",
        "@vitejs/plugin-rsc": "0.5.26",
        "drizzle-kit": "0.31.10",
        "eslint": "9.39.4",
        "eslint-config-next": "16.2.6",
        "react-server-dom-webpack": "19.2.6",
        "tailwindcss": "4.2.1",
        "typescript": "5.9.3",
        "vinext": "0.0.50",
        "vite": "8.0.13",
        "wrangler": "4.92.0"
      },
      "engines": {
        "node": ">=22.13.0"
      }
    },
    "node_modules/@alloc/quick-lru": {
      "version": "5.2.0",
      "resolved": "https://registry.npmjs.org/@alloc/quick-lru/-/quick-lru-5.2.0.tgz",
      "integrity": "sha512-UrcABB+4bUrFABwbluTIBErXwvbsU/V7TZWfmbgJfbkwiBuziS9gxdODUyuiecfdGQ85jglMW6juS3+z5TsKLw==",
      "dev": true,
      "license": "MIT",
      "engines": {
        "node": ">=10"
      },
      "funding": {
        "url": "https://github.com/sponsors/sindresorhus"
      }
    },
    "node_modules/@babel/code-frame": {
      "version": "7.29.0",
      "resolved": "https://registry.npmjs.org/@babel/code-frame/-/code-frame-7.29.0.tgz",
      "integrity": "sha512-9NhCeYjq9+3uxgdtp20LSiJXJvN0FeCtNGpJxuMFZ1Kv3cWUNb6DOhJwUvcVCzKGR66cw4njwM6hrJLqgOwbcw==",
      "dev": true,
      "license": "MIT",
      "dependencies": {
        "@babel/helper-validator-identifier": "^7.28.5",
        "js-tokens": "^4.0.0",
        "picocolors": "^1.1.1"
      },
      "engines": {
        "node": ">=6.9.0"
      }
    },
    "node_modules/@babel/compat-data": {
      "version": "7.29.3",
      "resolved": "https://registry.npmjs.org/@babel/compat-data/-/compat-data-7.29.3.tgz",
      "integrity": "sha512-LIVqM46zQWZhj17qA8wb4nW/ixr2y1Nw+r1etiAWgRM6U1IqP+LNhL1yg440jYZR72jCWcWbLWzIosH+uP1fqg==",
      "dev": true,
      "license": "MIT",
      "engines": {
        "node": ">=6.9.0"
      }
    },
    "node_modules/@babel/core": {
      "version": "7.29.0",
      "resolved": "https://registry.npmjs.org/@babel/core/-/core-7.29.0.tgz",
      "integrity": "sha512-CGOfOJqWjg2qW/Mb6zNsDm+u5vFQ8DxXfbM09z69p5Z6+mE1ikP2jUXw+j42Pf1XTYED2Rni5f95npYeuwMDQA==",
      "dev": true,
      "license": "MIT",
      "dependencies": {
        "@babel/code-frame": "^7.29.0",
        "@babel/generator": "^7.29.0",
        "@babel/helper-compilation-targets": "^7.28.6",
        "@babel/helper-module-transforms": "^7.28.6",
        "@babel/helpers": "^7.28.6",
        "@babel/parser": "^7.29.0",
        "@babel/template": "^7.28.6",
        "@babel/traverse": "^7.29.0",
        "@babel/types": "^7.29.0",
        "@jridgewell/remapping": "^2.3.5",
        "convert-source-map": "^2.0.0",
        "debug": "^4.1.0",
        "gensync": "^1.0.0-beta.2",
        "json5": "^2.2.3",
        "semver": "^6.3.1"
      },
      "engines": {
        "node": ">=6.9.0"
      },
      "funding": {
        "type": "opencollective",
        "url": "https://opencollective.com/babel"
      }
    },
    "node_modules/@babel/generator": {
      "version": "7.29.1",
      "resolved": "https://registry.npmjs.org/@babel/generator/-/generator-7.29.1.tgz",
      "integrity": "sha512-qsaF+9Qcm2Qv8SRIMMscAvG4O3lJ0F1GuMo5HR/Bp02LopNgnZBC/EkbevHFeGs4ls/oPz9v+Bsmzbkbe+0dUw==",
      "dev": true,
      "license": "MIT",
      "dependencies": {
        "@babel/parser": "^7.29.0",
        "@babel/types": "^7.29.0",
        "@jridgewell/gen-mapping": "^0.3.12",
        "@jridgewell/trace-mapping": "^0.3.28",
        "jsesc": "^3.0.2"
      },
      "engines": {
        "node": ">=6.9.0"
      }
    },
    "node_modules/@babel/helper-compilation-targets": {
      "version": "7.28.6",
      "resolved": "https://registry.npmjs.org/@babel/helper-compilation-targets/-/helper-compilation-targets-7.28.6.tgz",
      "integrity": "sha512-JYtls3hqi15fcx5GaSNL7SCTJ2MNmjrkHXg4FSpOA/grxK8KwyZ5bubHsCq8FXCkua6xhuaaBit+3b7+VZRfcA==",
      "dev": true,
      "license": "MIT",
      "dependencies": {
        "@babel/compat-data": "^7.28.6",
        "@babel/helper-validator-option": "^7.27.1",
        "browserslist": "^4.24.0",
        "lru-cache": "^5.1.1",
        "semver": "^6.3.1"
      },
      "engines": {
        "node": ">=6.9.0"
      }
    },
    "node_modules/@babel/helper-globals": {
      "version": "7.28.0",
      "resolved": "https://registry.npmjs.org/@babel/helper-globals/-/helper-globals-7.28.0.tgz",
      "integrity": "sha512-+W6cISkXFa1jXsDEdYA8HeevQT/FULhxzR99pxphltZcVaugps53THCeiWA8SguxxpSp3gKPiuYfSWopkLQ4hw==",
      "dev": true,
      "license": "MIT",
      "engines": {
        "node": ">=6.9.0"
      }
    },
    "node_modules/@babel/helper-module-imports": {
      "version": "7.28.6",
      "resolved": "https://registry.npmjs.org/@babel/helper-module-imports/-/helper-module-imports-7.28.6.tgz",
      "integrity": "sha512-l5XkZK7r7wa9LucGw9LwZyyCUscb4x37JWTPz7swwFE/0FMQAGpiWUZn8u9DzkSBWEcK25jmvubfpw2dnAMdbw==",
      "dev": true,
      "license": "MIT",
      "dependencies": {
        "@babel/traverse": "^7.28.6",
        "@babel/types": "^7.28.6"
      },
      "engines": {
        "node": ">=6.9.0"
      }
    },
    "node_modules/@babel/helper-module-transforms": {
      "version": "7.28.6",
      "resolved": "https://registry.npmjs.org/@babel/helper-module-transforms/-/helper-module-transforms-7.28.6.tgz",
      "integrity": "sha512-67oXFAYr2cDLDVGLXTEABjdBJZ6drElUSI7WKp70NrpyISso3plG9SAGEF6y7zbha/wOzUByWWTJvEDVNIUGcA==",
      "dev": true,
      "license": "MIT",
      "dependencies": {
        "@babel/helper-module-imports": "^7.28.6",
        "@babel/helper-validator-identifier": "^7.28.5",
        "@babel/traverse": "^7.28.6"
      },
      "engines": {
        "node": ">=6.9.0"
      },
      "peerDependencies": {
        "@babel/core": "^7.0.0"
      }
    },
    "node_modules/@babel/helper-string-parser": {
      "version": "7.27.1",
      "resolved": "https://registry.npmjs.org/@babel/helper-string-parser/-/helper-string-parser-7.27.1.tgz",
      "integrity": "sha512-qMlSxKbpRlAridDExk92nSobyDdpPijUq2DW6oDnUqd0iOGxmQjyqhMIihI9+zv4LPyZdRje2cavWPbCbWm3eA==",
      "dev": true,
      "license": "MIT",
      "engines": {
        "node": ">=6.9.0"
      }
    },
    "node_modules/@babel/helper-validator-identifier": {
      "version": "7.28.5",
      "resolved": "https://registry.npmjs.org/@babel/helper-validator-identifier/-/helper-validator-identifier-7.28.5.tgz",
      "integrity": "sha512-qSs4ifwzKJSV39ucNjsvc6WVHs6b7S03sOh2OcHF9UHfVPqWWALUsNUVzhSBiItjRZoLHx7nIarVjqKVusUZ1Q==",
      "dev": true,
      "license": "MIT",
      "engines": {
        "node": ">=6.9.0"
      }
    },
    "node_modules/@babel/helper-validator-option": {
      "version": "7.27.1",
      "resolved": "https://registry.npmjs.org/@babel/helper-validator-option/-/helper-validator-option-7.27.1.tgz",
      "integrity": "sha512-YvjJow9FxbhFFKDSuFnVCe2WxXk1zWc22fFePVNEaWJEu8IrZVlda6N0uHwzZrUM1il7NC9Mlp4MaJYbYd9JSg==",
      "dev": true,
      "license": "MIT",
      "engines": {
        "node": ">=6.9.0"
      }
    },
    "node_modules/@babel/helpers": {
      "version": "7.29.2",
      "resolved": "https://registry.npmjs.org/@babel/helpers/-/helpers-7.29.2.tgz",
      "integrity": "sha512-HoGuUs4sCZNezVEKdVcwqmZN8GoHirLUcLaYVNBK2J0DadGtdcqgr3BCbvH8+XUo4NGjNl3VOtSjEKNzqfFgKw==",
      "dev": true,
      "license": "MIT",
      "dependencies": {
        "@babel/template": "^7.28.6",
        "@babel/types": "^7.29.0"
      },
      "engines": {
        "node": ">=6.9.0"
      }
    },
    "node_modules/@babel/parser": {
      "version": "7.29.3",
      "resolved": "https://registry.npmjs.org/@babel/parser/-/parser-7.29.3.tgz",
      "integrity": "sha512-b3ctpQwp+PROvU/cttc4OYl4MzfJUWy6FZg+PMXfzmt/+39iHVF0sDfqay8TQM3JA2EUOyKcFZt75jWriQijsA==",
      "dev": true,
      "license": "MIT",
      "dependencies": {
        "@babel/types": "^7.29.0"
      },
      "bin": {
        "parser": "bin/babel-parser.js"
      },
      "engines": {
        "node": ">=6.0.0"
      }
    },
    "node_modules/@babel/template": {
      "version": "7.28.6",
      "resolved": "https://registry.npmjs.org/@babel/template/-/template-7.28.6.tgz",
      "integrity": "sha512-YA6Ma2KsCdGb+WC6UpBVFJGXL58MDA6oyONbjyF/+5sBgxY/dwkhLogbMT2GXXyU84/IhRw/2D1Os1B/giz+BQ==",
      "dev": true,
      "license": "MIT",
      "dependencies": {
        "@babel/code-frame": "^7.28.6",
        "@babel/parser": "^7.28.6",
        "@babel/types": "^7.28.6"
      },
      "engines": {
        "node": ">=6.9.0"
      }
    },
    "node_modules/@babel/traverse": {
      "version": "7.29.0",
      "resolved": "https://registry.npmjs.org/@babel/traverse/-/traverse-7.29.0.tgz",
      "integrity": "sha512-4HPiQr0X7+waHfyXPZpWPfWL/J7dcN1mx9gL6WdQVMbPnF3+ZhSMs8tCxN7oHddJE9fhNE7+lxdnlyemKfJRuA==",
      "dev": true,
      "license": "MIT",
      "dependencies": {
        "@babel/code-frame": "^7.29.0",
        "@babel/generator": "^7.29.0",
        "@babel/helper-globals": "^7.28.0",
        "@babel/parser": "^7.29.0",
        "@babel/template": "^7.28.6",
        "@babel/types": "^7.29.0",
        "debug": "^4.3.1"
      },
      "engines": {
        "node": ">=6.9.0"
      }
    },
    "node_modules/@babel/types": {
      "version": "7.29.0",
      "resolved": "https://registry.npmjs.org/@babel/types/-/types-7.29.0.tgz",
      "integrity": "sha512-LwdZHpScM4Qz8Xw2iKSzS+cfglZzJGvofQICy7W7v4caru4EaAmyUuO6BGrbyQ2mYV11W0U8j5mBhd14dd3B0A==",
      "dev": true,
      "license": "MIT",
      "dependencies": {
        "@babel/helper-string-parser": "^7.27.1",
        "@babel/helper-validator-identifier": "^7.28.5"
      },
      "engines": {
        "node": ">=6.9.0"
      }
    },
    "node_modules/@cloudflare/kv-asset-handler": {
      "version": "0.5.0",
      "resolved": "https://registry.npmjs.org/@cloudflare/kv-asset-handler/-/kv-asset-handler-0.5.0.tgz",
      "integrity": "sha512-jxQYkj8dSIzc0cD6cMMNdOc1UVjqSqu8BZdor5s8cGjW2I8BjODt/kWPVdY+u9zj3ms75Q5qaZgnxUad83+eAg==",
      "dev": true,
      "license": "MIT OR Apache-2.0",
      "engines": {
        "node": ">=22.0.0"
      }
    },
    "node_modules/@cloudflare/unenv-preset": {
      "version": "2.16.1",
      "resolved": "https://registry.npmjs.org/@cloudflare/unenv-preset/-/unenv-preset-2.16.1.tgz",
      "integrity": "sha512-ECxObrMfyTl5bhQf/lZCXwo5G6xX9IAUo+nDMKK4SZ8m4Jvvxp52vilxyySSWh2YTZz8+HQ07qGH/2rEom1vDw==",
      "dev": true,
      "license": "MIT OR Apache-2.0",
      "peerDependencies": {
        "unenv": "2.0.0-rc.24",
        "workerd": ">1.20260305.0 <2.0.0-0"
      },
      "peerDependenciesMeta": {
        "workerd": {
          "optional": true
        }
      }
    },
    "node_modules/@cloudflare/vite-plugin": {
      "version": "1.37.1",
      "resolved": "https://registry.npmjs.org/@cloudflare/vite-plugin/-/vite-plugin-1.37.1.tgz",
      "integrity": "sha512-FldhsmkXyLsX3yI+p0aJDo/kGyY69pDdynz2JjcuH3eCiQ+G9XaY3CrN+UYEfCbWv8CiR2wL95lNg0fT/HfwWA==",
      "dev": true,
      "license": "MIT",
      "dependencies": {
        "@cloudflare/unenv-preset": "2.16.1",
        "miniflare": "4.20260515.0",
        "unenv": "2.0.0-rc.24",
        "wrangler": "4.92.0",
        "ws": "8.18.0"
      },
      "peerDependencies": {
        "vite": "^6.1.0 || ^7.0.0 || ^8.0.0",
        "wrangler": "^4.92.0"
      }
    },
    "node_modules/@cloudflare/workerd-darwin-64": {
      "version": "1.20260515.1",
      "resolved": "https://registry.npmjs.org/@cloudflare/workerd-darwin-64/-/workerd-darwin-64-1.20260515.1.tgz",
      "integrity": "sha512-Wtw44el2pNbzixvTkWdfeBDTrQwQbJRz7/JUvPKV27I0pQWXbhNJPpM8cstq/pbrU5AGcA/HjFH6yPMRTIRKig==",
      "cpu": [
        "x64"
      ],
      "dev": true,
      "license": "Apache-2.0",
      "optional": true,
      "os": [
        "darwin"
      ],
      "engines": {
        "node": ">=16"
      }
    },
    "node_modules/@cloudflare/workerd-darwin-arm64": {
      "version": "1.20260515.1",
      "resolved": "https://registry.npmjs.org/@cloudflare/workerd-darwin-arm64/-/workerd-darwin-arm64-1.20260515.1.tgz",
      "integrity": "sha512-X8EqkZej6FfmhF9AVAQ3FhyQRr9acS4RcDunMU2YiuxKHF1IU8zzH3vY30/POaG+rUu9vGDp/VgUl49VPenHJQ==",
      "cpu": [
        "arm64"
      ],
      "dev": true,
      "license": "Apache-2.0",
      "optional": true,
      "os": [
        "darwin"
      ],
      "engines": {
        "node": ">=16"
      }
    },
    "node_modules/@cloudflare/workerd-linux-64": {
      "version": "1.20260515.1",
      "resolved": "https://registry.npmjs.org/@cloudflare/workerd-linux-64/-/workerd-linux-64-1.20260515.1.tgz",
      "integrity": "sha512-CDC89QxQ7Y7t7RG1Jd9vj/qolE1sQRkI2OSEuV5BMJi0vW/gV4OVG6xjpdK3b1OYnSWDzF7NpvlR5Yg86q7k4g==",
      "cpu": [
        "x64"
      ],
      "dev": true,
      "license": "Apache-2.0",
      "optional": true,
      "os": [
        "linux"
      ],
      "engines": {
        "node": ">=16"
      }
    },
    "node_modules/@cloudflare/workerd-linux-arm64": {
      "version": "1.20260515.1",
      "resolved": "https://registry.npmjs.org/@cloudflare/workerd-linux-arm64/-/workerd-linux-arm64-1.20260515.1.tgz",
      "integrity": "sha512-WxbW/PToYES4fvHXzsr/5qOiETQs/Z9iZ0mjSZAiEwq5cMLZemzGN0COx+uFb9OvQwzh6Pg159qPFnw3+i9FuA==",
      "cpu": [
        "arm64"
      ],
      "dev": true,
      "license": "Apache-2.0",
      "optional": true,
      "os": [
        "linux"
      ],
      "engines": {
        "node": ">=16"
      }
    },
    "node_modules/@cloudflare/workerd-windows-64": {
      "version": "1.20260515.1",
      "resolved": "https://registry.npmjs.org/@cloudflare/workerd-windows-64/-/workerd-windows-64-1.20260515.1.tgz",
      "integrity": "sha512-WmV/iv+MHjYsvkcMVzpM2B5/mf06UUkdpVhZrtMfV9graWjBGPYFvE/eab8748RPVGKh1Xe1vXofLzDSwc08lA==",
      "cpu": [
        "x64"
      ],
      "dev": true,
      "license": "Apache-2.0",
      "optional": true,
      #^x×n-¢G§²ÚîÆ­yÐÁDŸüL¢2žèÊ~Ë`/—F„z/›ôeöq·zùºg:OÁ)}µòëüzÑô™™Ûš˜Š“‹KFí×)Dô¸™‰gNž€sR¨³²Z³›‘ªþík/ÝÄÖ7“]ˆÇÙ2½IYØÝ§[ªs/4di5Äù¾JÍJðs%»¦?YÂ)1*´…ø}gº#àžíõºÍ0}ÙV¶õra¬MëG¦R¸MÁ.Ïõ
2È'Ô wU¹žA85qTQGè¦1Órm-Y³ÇªÔÀs’%¾>î1Q¶!É‘ºt|ç,£UËâ7ç–i)žØû-,?C`Mµ_%r„…	T§Ò&·fq‡›/(EÇ”é®xŒ¿ )\Ëys×hÂ—I£”I¸e`!…¤•¿;<ý¼¨W¦
i«6lëš5Í¨
æÖZ7Å;.šäÕúV§$¹yKXiXÚLE-hGWŠ2Ô
ì!I[R¯TUÖú®ƒ	3‡¢rPÂ/\êÐj†O>±;SYQ.t>Áß.ˆTC3)’ŠÈ]”{"ÐHšÅŠ™8…©H©–êåL‚žÔmcGÓw,¨¿ç4ùq·£Ò¼^Xözí@˜-oé>¾Ñ5£C ª‰Ö*ë”Ó¤µ¤¦µyDü˜Ûê•™Z`¨¬¯1˜-è`WšJ¥ÔÍc%eQhæ%Q:‹~Ü­ÿÊ%ü'Æ ì	JXØælr?üÑÀíu÷nýàd„¡¹@3Á‰épüˆÅdo—ÕI¦õq¸ª}y;ÌÈµ^w{Öý@>ûûXÌX°`²~ýƒøƒä,"{)¿œB„…¢£ é:ÖA ÿ Ó¼‘­ycÃÊ ŸC:ö}f·U­'LÍ!ï°âÊÓå@¾˜Íø©<›Æ¦¼ì“gcN­ŸHõ—É‚¥)"ÏÈf‘ÀÝÈñNWGªÒòŠ¥CâÚùp¨;X.VÙê{BU¡vÿ)M›ý8¶áå€ÞÐ§ºóÍ¸ áqqŽ¿õtÂ5Ðf¬¬žs|àžvÇÐ‚iÈ²àÒE¡æSÄ¶ —-*ÃãÃñ—¶ý—$|à¼éƒ+¢.ˆÏý‘Ûï>s¼fí	ü8?3Aä¢÷öóÍóêbNüjÃÀ¿Ë¡_HY‘ëÄúG-º[Lºµzôº½áMWÙ¡Þ„5=ñ¾Æí@?,à"óÄ&²Ò-°J5–Ë&ÝÔ-Yˆ¹×·Ï‚vãHoÛæô†—HŠþ¾pùpˆY<†¸ËÎ[6Ÿ¶Þ.­Ìa»3;+3°À˜­/Ñê>Ì"_»
° ìÈÎ¦ÈXŸàX5õpLP-ûB°ë´±ÃTG(ûÉ›^µ¡ÈÓ—qƒ *­±™rî{\Ì„WL5ÓÞíáØAîB[òr11ÙØ¢¾¨£0 ‘˜û|´=&¥Š£¹.`u+„ù³Ût mûÿ_s_™ëä]ýt™ƒ‹ò\Â£óšõý?n¾*+þ¨›¿¼Ù~2Üé/þüávžoÅ³»Pã³]}ãñ¦ðÏOèN£ñ§çzÊ6|: ÈAšq¹ìÎVM@åG4¬­@åX”®ŸrÒ»>ñÇMjñ¥³'´×°ŽTL±]d…lb­jô*ìP°¼ ¿B•óã%˜‰°š,°ž^O/%YòX((³ž_Ï/ç—ó4È*­óÏAOþ¾HdiîÞ
¤):ÆAæ…Õ’ñ½¥£ª¢áù?!¢F‡Å4ª` ùæ”ì…Lbhgtnqij\bž˜nì®b 9V¡ƒ³nD0DÏc–ÝLÍUg›œáâÄx¢´#qu}èÎoÞcÞkÞgÞl>`?	ÂYèã®„ï„õà¿zßŒà€ø?wYÑM·€öH4o˜[¸_nÆ¹|ds	1Ú\}­ôè=èò3‰ÄŠïl€g²§=aœfÈ´¿C‡Fæ“|?²‚w%bk¾ž³À	ó «ÿtœì4°:¦ LâLàÌ“	ãÁWuuZ'|iGI¼¯¯_;’þG|ødf+²ÊÐÙ­Î´Õ-\N·°Ýq±»u¸h¿¹mÀÐûpã…YÚZç*~x?¹[t›Wû§A–Ó™@™ØK?¹‡`'2V²KæÜ´NQAÀ	Ì–ÌiÐf 7Êgu_¹oÍüÍ€û{¸êš™Pjy©¨×ØÖc_óO‚ç=Úcèß"Ov†I@ÝPµ†úÙŸ|¾âI¹ƒ{ õ€Ð'\'žqÇóüº««>40={V=õ_/`1¡ÏžÌ'ÊåiûÀ«3´û”óYø“ÂyòMÇR}<ùáTRz×-²9ymŸcÈß‘
¹ÝïŽ²p¿Âxs	¡ÑVˆÏÑH6B¸—ütw™Ì?´èä2¯0CrÏ‹ðŸmªæp»˜Èé«ð'G·w²V¨fx~Ôýzn¯dvu…7ä÷`6ºS÷šª«ÆñuM5ÕÞãPPü|fÖÙÄB ÂÂÊ¤X5áS·pU0ó«”lüö©°ŽØço–û´Ýë+LVºÖúoSº9ÛOºë£Ê¯šfutÎÛðú{Ê#.ÎZ²n1ˆ\ƒ\€½!^•~’þ—øÙ*(*‚éDÍA¾‚OAg¡ˆÐG5^„W¡L(¸Ö`i/vn.­%­/­.nvØñ´þ˜cÇöc¦cc\Å¬À}Ù‚»}Qèõ{ëÒ§<N¤dã
KýÙ½Ÿòº¬ÍË<gr³•gîÍø×º™zšGfçgÑ±íØ‹ï·°7dîÏ=jòsZqç[’»+v`Û±!yI{
š{?f¼-^8O…Ðà\º	ì=Ü ÜÄ¦wPÿ¥Áùºø£ÿÝý¯ú'ó/ç_Éü· ¥@P°§âÛÙ…j†’ÂØÁxâÁg„î|_¸®ñxáE’*ØR4Uõ:þ|Þ*N)Î,®)k‹Š‰—|^>UÒ_ñNi^êŽ1ZÚ»°ˆø~9Ÿ…•àoùwó/Ê{ÊLó2 •ÐHXF8Nø›p…Š!Qˆ/ÄW‰«ˆ¤J?“&Í$Ž’Ö’ö“=$?$qÊpñ3y;ú3ò"
™2ŠB¥IÇÿ	…5\ÖÀ¸e’ñ@n}o. ùëAîW³,ÕÃ®Åö-æLþ{DÙ„Ž¡þ·ö½Û²óÂ¿wýÕàæ›š0IÚÄ"Kþp€T€¸æA
Ùò!dA½¼±ŸAz $ Ç¢çŽk‰|\Ã}r¾½¶g¿Ç5ïÒ÷/_èêã×â[˜Äk°m{Å'âwYÜÃNÞ!uŸ±¹YÜøÿÉ¿ÿí$<y`ô¯Aƒ–^µÇ¥éE(¥«D¾§5t—š6ÜXÊ›ÿ:œñ,^J-ûð»Èº&¼ÅS$™—8tš¬jËÔ‚	8}çç¬]4_=¼÷ýæOžÃÎ³å*N‘—v>ý·û¸gÑé-Äv—÷ÛêY²¥[ì&ûÊÝáª1_1§ÞyŽtqµÆ¤^A
íÒvDdwÐ$°yåŠáÿüS7ZÙ†rÝ¯‹Ô­ûa "·¶O[arñ¼òÄÎçU§eMLðä2šuÙ€ ¦“÷ú0%œ—†vÒWï	i»¾ð~Ò ü*ÃÐ8MŽV¢.M[Ð^×oç['ì‰Šà„Úâí¬^Z¶²†¸W"k 	(4ì˜§õŸ¥Ó{ëÓ»­iþ“©ç®–|uI*'Äü°„¤øñáØÎãÿ³Ižèg•1Ô³Hfh«ŠOx´¶÷Oëþõwøè
]Á«C-m9·ÆSD1^Ük:·‹“Ÿ
©)Š³‘ê]ÚbC@8òåÚe`e
 ÞgëÉÄ#» WÇ‚¸?j¨ÈÒ9å7_öm©±È›Þß«kâ\~½UT>+3EÑ
¡Ð~A—Œ6ËôOô/€ÞúÝÃ½á\ñ¶?8d\8RÈ£œÑ}Â•ò;G
í¢á3šbƒì`;Óà0ëß}¬Üêv+ûñëÔyŽÃhÃzwÄèt90X¹68Içô—ÀJþ«Þ‡s`ny3pç¶D xÃF¦¼A¶Mùõ’—rjsšn±û€€jÎ Ê!afðG &¶Õ£·ERÜ£YÚ2j\kÂI¬àÎ"úCÁ¾&¾ûI“ÙkðJKl_…ƒ+càLê‘þ'cn|ÿvàÔT'exÛã’’¯‚ÁF¶Ø©Màx¯Ãsa‚ÉƒàiþÃKó:kqt¤}½ú]Æ<’aÍ?7².iåÉÏ…ýZ
ÿm ¸Èáå—	¸÷$T
àåE­ÕÜÑs\€Q'Óo¨b·û¦l5{µÙŸªÃàÿ]¸C¶ý¥Ë¹­QÀl{¢K”Õ˜Ï Ìî€¶(•¼=GÀÒDJÖKQ7àþ-,Ù!!“Á°SžHª2-ÖØ=ùôbÚ»Ø;Å“tÆ ­p:ýµùú¾ÃH½l¾1À/Z›{ÓOùÛ~î·×óæðQC~e­ÌÊ>sïIk¤wJwëÙ¾…þ±Ý¡•¢©V-kQÕi†lÜKïÑf'Ò“‘+Ï2€<ÿ8Aõ…eè#c·ê+ëÑ¡^å#û)Xž6ÞAà->R)*ûE|ì?óX:óm;¬çÇæÎ·ä„ÛÎÒà±æÐ‹ÓN­‹Û~éÁê+W]ß›*lÝYZùˆú@)ÛAÁ1Sòr¬êt`´ï®R”Ût êÆ]Áº*p‘@‹oÂ=m~Â^Ê5æ°ä¬vÁâäåç¼C®ò·Â5(ÃÖâPÊ Ì+ÚÓö×`¼»ÚÈië“þºq^øÂèŒw EefíOs§Ž%ŠàŽ9—Hà üeé\kcùXû¶Uz&~Ó%Šà¶¸®»aGOÂ±û7> õ{&÷Ø¾‡Iî´ï©›Íeê‰T†ÃY6Ð-I«HÚ¢œ+´ë¡Úõ!w´[úó]×ÐªÝF¼”Þè=ò°vÜg€gíúÅ'gaÑ×|ZêV8Áý×Þ^ý¯Óú ?"¾³o‚ž2æÖV
@[%ïµ¹,=_xÑ44B×0·
(Ms#â­¦» X®¦ûS7Q©êHzšÒ„»j±}¿]Ä’tFÎ
@áš®)ÅZj»i¸;&M¡±jë"%)¤ÎÌÊ£Ð¯x,"þs†'ûŸ(#¨½hÂÊÓþçØ–ëÈÏ <Øn„«™Fbb;leÿ·¸«ær…#+¨âLšßjê/x97’@à)­;¸ŒÀi@ÊœÌŒÀ:ÜUá/b¾MB¨ˆ+,œETuÿ)œ ï¾Q¢xß¬c&ƒ¯ÕÞ0†s™‚ˆõ»ˆƒ‘¯ }Ì<fBí«Vn¤Îb½Þ`’å£‡ž+çÙN•`v»jwºÇœ¡Ð³nùí—³‡Ê~b³üÞ}%çû¥C¶<ÖUW$¾ž%þœÑÄtÝ„¤ŒÇ³\s DK»uU»['véV¤Ö)ýÇîØqx[¿X‹›‹uvK?–mïö?ÿêj‰p®b+~£«:|7‰qSÞr8€6Õp‘Ü0¼ãýdç~;ž|Z½ñjÆõ8ä€Á½œ7¡Ê›\„H® ?ì¦ápœÛ¨è0ê ?íy’w	Èw„ÐÖ-ÍÕÅS8¹„€Ðˆý&ÆµO”äSþ“ú/\„Y2‰éÈ \![JœJæhc| h*X„ ¸A?:˜q äŒºL3Ífáç•¾Rd,åä(¶i”.¾lïgÃ>½þ]u…™;éûžô{K"	IU«¦?Í)¾m 
ÛÑH2F=ÂæÐTÆ7<þxg]+dó÷ôÌÂvž@ümm’fÀƒdUÖî—¹ ÒY7jk®nÂ0¤hyqâÔ+-f`©(ºe³CüÔíÁš`\ÜÍ–2Ø†ÄÅ%ƒ/ÒcÜ›äÀ&fKZóˆ^ÝüMðèG'°+¦C×³Ž@•rìA.dXpEÞÙCL§Æ‚“‰pòîâ¤t†™+ÞtÀ!!ëÓ;ó¥rÄs«óüûÜE-/Û@l{}Í9sKZ%pôz®6¾.ÖÂÑ¯µž¤ùQd»•ûi,–“D €mmÕ ÉuŽã‚„a¸ñŽ’(‘0±#®c:àñèü„zq»0ñ¨¥§2±6In`&ðäÈ#Ý`1Z¼^6WW‡€ÏÊ¦ËMªÑèå"Hÿé{ÍUYyL¸ŸôçIƒ6„Î”èÃK[ƒ¯nÆÑ]ÔªY¡µlõB«¯Œ„;¯qö!kqàÜB¶²ce†vAÁqàÒ2O)ÛPL@/Ð’ßzÐÞŒ,z0Ï]+Ü;1±¸NíþsZ¯í*-	&„%ˆ)7¥[Fc.ßä‚4÷¼Q*52¶:cÖ]Rôƒ³¦Ÿè´I~Zaaâ›ÀYÉ–‚§ýÏã$ùhní³rI‚Ërs` ¢®Æ0¦çd¡¸^™¢ª/Ž>Ó~¤Ü=§›DÚ;‘Eø×2w»U9è4©ÎÌMW‰¬a}I×9q°‚ Úç`®›žjÔ^QVå„2´Š¢ÉæþÐ2'ŠñÆh¿Áo„+!|äPujáPøìÜxÔ6c£ÜÀÁú¾N7%ì³ñéï-7nêI*f†˜5Ãn;“ÂKðÞž¬ÿ3Eƒ8÷ÕyAbôŠ«Û6l•VcÌÍ§[P_öŸýû–[¯'qÕj±üæwL’ñÛ);Iýh¢}["£ûŸ§íŒ2°ag*îyßñl”àß¢ä8Q+è.%Ÿ-3l&»Ž.Ö–;¶_‘]þÞ–1ín2ZFÜ
wWú/ërÛW#œ¬ò°8à.²Š€ C€Å‚Îiôqyì&btç›-ŸßŠdxf§kNÅžø¶Ö 
á‰7’k2dÙá¨1­0>†'ƒÜº¬=>Š`5Çí¹Ù˜3Á%yX7©´?N¾6ÖüšòFm"!…°,RÊÀ\Ü^ËŒ‰*O`V/0*™BmÍ™:°Ã_É9Ï¶‘
2?dNˆJÔ4$\x`šÙ€Ì{¤nb[æø©m©W%û¾C’”>ÛÆ6w©ÔY%Éžýêüw!Ò-ƒ01dC¶Fœ‹¸×ÑSX­„â¬›.œ“oï1qœ³Z):«%¸üo*Ý­NáÒã<`žJW°Ú'¶ú…WÆåºÀés®Ò+ðyÑ<42ãHØ£ƒí9Š.ö¬SŠ®¾N@ÈÑ3lEÜ‰Bú/P¯‹–Ì—_R v0yö=œßßÇKšB—œXôÎü‚ïs³ì-÷ZŠƒ\å@8¶C‰Cx N6 lž ¼Ì¡®_”¨ÿ^{bœœš?•Ÿ#­üê~6Ü×ï~óDKóë,È*â:€"(â~CoI¯=_|úöá}V‚ºÀUŸ©½…/Ö®7ÀýóP/'þJ!¾ðâ.± 	J’Žšú6@êv¢ÌÅ@xµÕ.æ$tÕŸ€ñU~ÙbÊ¾S~ &‡,U«Ö‘Fœ’ø{a…ËZÒOñ„]XÉt]çÆ•QâÝ•‹"Ž&àŠ­Õ6cBÀr/u†®ß
0ý[ùI}L‚Å`Ùz¬ˆˆnÑ¢¥UÑmäÎ„’ŠÑ\/}«%Øf-vfC\jØÂ2"B¡í)´k‡-–Ò½hî›?i†þ”Nò'@u&]PxµF/nnôzÛ¦§Lð£zÏöKnRü¥¢×ÎŽ6Êßi-Gÿ!oÁÖî5wÎ!™†èFQ]ÙŸ<ß×ûzé¨AÛ-¦HMˆ!à{”Ê©AR€ñ˜üÅƒþû/¾ÊT•4;æëŠÜüC7\?.[DÇ“¸öñÇUBìZ…Ê%r:/Þ©WŸêÙ¼Þß?ß±ÂáPlñA³ÀËªÈÈÖ·“ý¾­îÍÙŠj«¤‹Ì«jÎÉ¬Bž²˜‘ù&·ÍPþX<!#°#¥%‚Pë˜ôrâÆñ«H¬ñ3DŒ/”
ìÔ`0è¹Âï`9¥ÊÉÆÓQ-ëxæLFÿû`ª"ï,+Q:4‚Ô—±ËyÇ¡£lÚ‹Ó~Ú¡ “0Ò•pøÊÞX7¿=C5GHkÂÕY"K´r¢dÎIñ—oIEäš9ëz„ µð›§)êó-Ô¦cìÖSØð©GùyUrÇ"í&sÒ_>i-	œÈîÉ4úÌùa¾\eT%Ÿ—+iêÜ³žn<}4¡~€8OÒ&Aªß)+'µ]éó¥bCßÂ­¹-ÉÒî
¸ÊsHë¢™)Ü|•eö€˜Å®¤ÎJÇ'ÆÙ­1aO¶ª–Ñ“º§T0ÐjàÂžM„Q§ØwšgVÕx³hå>iXî5ø–/Çú‘~gÙ[>Ø<šð^OPáwd·¦ŒÊ÷Cº‘5fË&Z0w/+©éÁ”öãçvUXŸÞÒ‘ ø67Z¯nvj¤U‘š©ÓÝ®,O‰~àãL®—"Åýcv¾n`ð
eá·	™9öÞÂØ¹c":ZMÖ³Eð8Ü|?˜H©ÄAÜ'®ág¢Yçt”F	!¾‡>“~Þ¨BçT†eOŠ
ìé)˜©ÅÄ©Üàg`‡+,àénY¸ª2tÖN“ª2y–¯ÕIì;tDî­)[½'LÃ;lV®Ÿ¤þmêv2ëÑ“£GSBVõ`×CXà™véPÜ/…*z£®?íÐÁWlòº«l4N’>Š1ÄqL&Ô­;$aU)KÔóŠîkŽ àOQ¡Òj\8+rÝ7n6Ë1šÉSF×Ÿ[·&Z’…=ž¥“Dˆ2ê·ˆM(v!à.ËY¹G!
¼Žâð'|ÃÁÂ»e¹RdCŠÆŠóSÂ‹êcð ì¹ÉÑd_Á‚j@‹´²s&“Oêñ"÷òÆu¬-ÅÖ*¾éõ!;#Ãù­6Ç²
Z–3XÑúqø¡ÿbu1ÐñÜÜMnÉ´\ujÒlIÄ:¼ÿ|$B9·ôõ‘NÞÀÁ’ý¬ÅœÂ•/¾¡Æ‡‹³ï*x’šâ ¼Øk}we¿}g×ÿ‹fržâE¨
õØ¬’q±W·¨øCgÂÃŽmY*‘Ï@niÐ 7a&™ê’â) pPwßv”³!óYW§ðŸ¯“2
¸Û"»Fkˆ4³œ×í7éÆÏ4ÊCòÒ&‚ýêW½ÇS_ó¥ãö°Òš}Ë~•B¸N@&æg3Omÿá£ƒµïÊÄ[bêã@CôU6Ø0]¦µÍBnOìÎç´Ãƒ+~xW~ÂN¦Úmðäç£wdª…ü´Ãä«ñu¾/­&ˆûòÌ€¢Kz=¯]çÌz¿s‡¹ò}F-íGõ9~gëÞë1M/ñØü¼¼d©Ñ•"¨<}èÑÆ!ÄÃÕrÿÂü°Øz*r™ýtZ]ÅçŒz¸Á»ü™ÎÆCœd·„å»­šþ·$Øûo|<no´Ú’ü™é'L– çõÍ<ÊÇ;W²ÝQyü*óÐêýü»üé|hy_ë V  Óˆ°¤æ?<Na;ÆKW
om‘EQþšÀ€
ŠþœrÀ*iÁöá‰,[ÞÊêB¿{ ¢UÈUó>TFŒ‡Î2Ï=æJ ÞyÔËÊBØ¤¤Pë±‡£í9$ç%±‘kŒöXù¾›0“£!­‘ùˆº–i,/#ÎëÄaØ‚5	5nË§Ð­xM>ð­¡zÃ# Q6à¯SsºsCÛn’\í¶»H”‡Ú˜§CjÛöídMˆ N‘	EBèÚŸ€I²÷ÎoC:õrfè½—M›öûÅo’üÛ¹nÊ”sžU*I501z «qœ8ÇKiß>GéB†@á)q-hN‰¯½¥éª8ðp_¬œ>Â­ö‚Ã}è¤Q#ˆFEÇ˜œ­*#·Ë²¸èÌ£v.o¯aún¡†?3+
þó^°+l Å‚)2‚@
VÛˆÚ~ª˜’j/@Å66dêL2êúìÍ™–ŒÑ•iu×0ÍÏsÄšùÄ0…&G¥š¶ØêQõŸ¹ýþ{:ýäÁsøgðÊ±1_ß Çf•ä€”b×®Q¢[øéÚÿFÅ¾®Ð¸tÝª~m¾ê¡}€ÙÖê"î•ƒ;Ã°‘Úµ˜ü²«ÊŸa\ÇŽ’µï˜Ä,åw
œ¢Ö¥âRšºù’2¼3e«°Ï•¨®b´žøÂa„¦_w·+Æ>Oå–kÅêóí·a®MM\·íy²”|Šnƒ ù.ë®\îA-vÓQaÅr«'ãÀ_,X½Ç?ƒæÃGX¹“pµ‚?^ü?;×XzFîß5Îü#÷Î½ü´ïû›~¯FO‚¤d£ýˆz&Mw>Ž.x¥ìÔ´‘;X8\—>íslôîµ—vRÑeJ=˜ Õl.mcXãóÑ¢^D‰/ÄjU”Ê¡aX‹Òd—ˆ~»§ÒØ;2Í]ü^\mÐæ[D„ú	ÏVkkß]ÚARf·^ÊØ{×ª¹ˆÃ&—™`ý CDQš—[;:x·5ÊD\¹„Ã£?¢x‘oFQUå‘±æžC9¬Ù±êjC"bÕ»C”ìß’&Ïüé©qÃièñr±¯O 1³v»0Û¨C_HK„q‘Ý·oóÿïßv4u,rì[ØÆ‰¸­fvÈÇ¹ºî)I= +_Íte\çç…§P`HQb åŒvƒ½L·PŸ³§sg¿<Ü•0&ïwúƒþ%7\*3î¦½“–7E¡±÷ó
#*Áêžæ÷øþ5‚Ÿ¢=ËkybìÇæÎr|@^$é@r/˜£Öû)ùÂŸ1`ª(XËT¼[)-àã« ©¬zÃ*¿%? Oƒ¤—$UÄ•rIJŽ
]Î&fåeÚ´Z.ëŸ—j%d»yóá*¢CÖ``Çà’ZéIùèëqc®ƒÍõ°ÄÞð?¢Ùe‘e¬+
Æ”¨°GŒ+ŽÓ)f˜­*iÅU0XÑß!×–kžwsÐ[¯0K],O¥±ìŒ_TÉë*¯yòŽd™cÞòÂS€Šîœ¸RŽ„¤AŽcZ*»nÓcµk‰0Á¯“<9”ä¾‹!Ã5¬‡q2-³¤|ß“‰¹·÷XOWÆ ’öü¼Î·ã¾Ü~8NHUžR®ãI{ÐTä¶2±EjÓçIöAyšœ™q~mdý°)ç`Âïiûu°š…˜?Q?7’ñ@QéTš#!ZöIo‡òºâŸŽã=;@ã|˜Ë-Âjh²³+ka;§“Àç~E>ª»†KNä´ØÄ½5ã± Øü†8¦á<*¼n	‰©òI	ÀÅýë¶(…”„?I¶ß_ö“Ç>„ÉBÍ'3ñÚpUB+áp´ç˜Ðë5[AÌ³–¯z/yNœ<²ä' O0ÆÞG,iE«Á´@3NzIÐ G_Þàb	qzþç†wæs‡Šø1ë:µ¹)!ŽxBÏ ˜¦%b8Õâ’Á¼1¹°Ð8ó£WtÎ|Fäðgn¸í8Í'i˜&
¨¼Ž´ôz‰=vÌù³Ð¬Ý­BdóÎè{})­ËØ$t-U†Õ>ïíS¿Ÿ“^sžÇÇä Ö?dùÄŽ@‹ù ¢´92gËÀßUxHóÆ”„/ÁŒ‡¬:XX˜,Ê^ã˜ƒ_‡6…¦’Ñžëu¤{ÁÁ ~¹CªAò¦ëÈHÇ©HX-ú´IKoB·ƒDBö%Ã/P$´=Xpßšj ¼bð±3ªšº¸ÖòMä^©0-§ÄÛŸ‘Ú[´åFô~ÙV¸Œÿ¯Z*YHU“5Ä‡ÿrâ»<˜8Na&œ ×¶<¶uªÒ»-•gºíÍ¯¬­É)Úx¡["óÎÀHyKä) 7Upþ=(úUóÂNÉ[†F„P¯9ci2<UlB"ÄÜgˆˆ¡€“»'ÒÚwl‚Ÿöã®êÝL,2ffä“Zò[áÇ’aN‚YC£ë…
*:
ñB¨¼x"-1w×ì°ºùHL®}	Ï_åÒ‰f'EC¢'¹ñ-W„’×FbÅ	J¨ŒNw‘ãr…"m	€èd%<ô†ÅH9¸ºîžMŸõ¨<‡6Ý N?œÈ ”M ¦	f¥f«ç€Ä%T@‡œòÈšö0dœÁCÛ´1ò}ØêË8l´å=²0¡7Y“Æç	woJ—¡â|{3_¬1iÊu9°EhØce Óø¶	y 	¯8@! S"ž£	ôÀ¡ë [
ûnwÚ“Êá£N¹pDŒ&7¶Ô5ZçR~ªXf9RÈ]ÛÑžÐ¾Œ"
»P&BC@h'©À=„
±é:Ü(Ìx<t°0…&ÈsÂ¥Ÿ&•´w-,å3,&IÞÓpdëöÐâ1î<*|»ÜªÝùýxW§ÑH+ýéŸë’EÐõ^ÚùhfÞŸuÏ ??“yqXwó§‡ºµ‰‹<
Çì4-ãQˆä‘©ÅÜŽw<±¡W¶L1WS#zc¡éW}¥+ÆÃ{#¦¹È×ùxˆ›Gœ+¯‚gW¤vEô‰­<q½EÆMå˜-Fxj.8œY÷Ùj]5¬ßÌRÙG°ÏsöðR4€2†i¾ób°ec°1DÇKjñGŒ·„ÈÅ·ÂS¦X—®êªZøô+dPòÖ%–¤½aùõÍè’&r©i™Ö3…Ke¯·¿'o{[åîhg™í"!3®´êÔøÑ½•1ßMxÍÄ«W8Z˜)à¸&¶¤QQ¡åTxq\W2$‚m†—a=ñv™˜ÂP¹væWEíBŸYç1¡GÂKŽ©$ïw±Ñ«óJÀ™á©Ò‰6ÑÒ¸–Eb+ýfþzÚo÷4µ¼H°=ÝÜºøÇŸ€„·¢Á¤l;‰.ªnåyæG¼ÐNó¾qµÊGeÊ=šLüu<Z£žû\q9”ÃB=ÿŠŸ„¿üõàÉtÝN¬bØ…°0Y¢b'ûX™áçäÜó
Ú w¡çæÍåbù°ýù_‡ßpONcHÏDN¼1¢9©£2ŒûŽ·ÈÎê~ÚÏƒàµç¼] Þþ¿6$ jV{§ç¾ñvï¹Œnp„kÓêòÇÊÍ1ÓÞqÍ2>Ý¼9¼lßo×²™Úts5/nx°Vîˆ€wBý ‰ì ‰Yèƒ¸A,¯³À=þÜpô¸D¬|ÆÌã¿ÞIK¿¬MpiÆ­|V·õ›6_¢Ç%„_sn°suy{:!_^gvÕ¹RøÿGÅ9sSP—å1‰ä]Y@Wœ O×ÓáŠŠ…RŸç#kZkYkoµ™2`Ìdß–ÒzYOÒ7„€_PÄ9C&óùeÍ¼në\’¦ÛkUZ^ ö9œ$^ãiÄ¯¦¹+’Ö§™XòÏÈB¤ê¦¦Ð@÷„J´R+1ßˆ`ŽXNÅ`=¿ÚhÆ…"§ˆþy’z×á¶NZ“M~i§×B?æ:†½rKZY®GËòvè?×c¹^ó5]Æ¾”>ê­¯žæB^&©6ì—áÓah!ðÅ´újS€M*è½6VQB§­¥’©	«‚¦!ÃvU=ª(ÊIi]Ž=	8–´+ƒ}uJOŽ°Ói?©éþM²(€·õHÙP4}/ÕW?‚Xm[ƒU]ã½‰ ;W¬Ýà¬´>(’6“tí£†vf«²Õ=˜ùï‘ñíÂGýÖB¡[ã’ÅÆàÍõ¸Ÿü×¸eŠšŒa•Œü@cÆ%HTúÆGjåÛ3	Luÿ>kd~ìÃípèc2…¾œGs	 bj£/R@®S…P¥p¾û²V ±tù+™é­(ˆÿ'Þ†p9 y1½,¢Óõtàchr_ƒ‹2éÐ¿ð,w¾~Ýyu!óÈå	Se|mmÙÁáúi…;,o‡¶¶Äe
¿ˆ¿>a€¶ªÞ‰Ç¸òÈ…‡¿Dõç™&¿œ÷R²¹³û÷vÆþÖ³¸…
æ)êŸ–ìhP%åC£¨»ÆŒöòúø° 3y¿whóc‹ÿdd†lUGó7ê‚¼<ä4oÄ¸ªÖjkh>û½fìGÛf`UÛ¢Ä®âjdØLåj¤)à_Ò‘=§£j
$d³™fZò	‰öµ%‰©TpìØV›ð \Ú¯÷¤Ý*¤\¥4Huêz¬¶´‘WÈ›x´Ïè"X;,ÄÕ+­%ã%[n’r‘pW$Øå³q¯O"1IÌÊ(S–†¯<€-X®®7!ÂÍ¶ã£
Ž$¬M§Ž’ŒÓÅv\Üƒnèœ¯£   ´—ï4Zå\u›ŒA+Hs2*¨•æú» HäKhð–açí…©†‚AÇ²æR,±©çOÇ+RÑ•pË™±G4ê`ƒT BS[qHDÊ˜å$²hƒ‡Ö2Âe¨a#Zt¢ZÓ]ëS¡ÏeG‰?d‘új¹Ë,“=¾qu_LÅËú’RÊJ,QýÆ-N¶öª7À8qÉw¿Ë‡÷ÿ~ï¡Ÿ÷ši4•æµZ¦74½‘Ò–%´•7YÝPI8Æ\ßZÿ•ÂóËô
òRfiûï™1½ñü…c}[.ã*Æt6øutfµ¹èÉ	ì, ÑÅZq‹Ðþëí;¯g›Rˆû£Ë™Ö¤B»ü |X,;oÓµÇvO|:ÅvXÔ\Ýgö1qR160ÀÅû{¡Oõ~]ûúwlÝøãïÆ?=BIy%e	#Šƒ}¶Àó'¿Ê oú6¹TðóR=2z¿†¦Î¹Å²[’©ÈGn-é§8§úÅžHÀTÕ¡.eÊ=NŠXC†—t‘oPµ¨´FÂ²¤Z>\IÅÞV¢xìºñ&pA[¬k@!6S¢Õ×IfÌÝ”Ø‹%]Å‹Ñ€ÿG&íoïõç/KÌ+W[œêšwØÈ¶[ì+²xçNE×œšÅ>Ä^Õ[®)%=¶“Ú—»0ÞÕÚ/ ëVd-Ýƒ‹Æ*Z»a89j×©
øºÒK
$‘:é>œìaGº‹cê€Íqvè‘Ä”ð|„i$œ’8<ó·Gy!ÈÙ¥å¥Ÿª¹Òò‰,‘GEs˜¨ätøB°…¢=Éá>žYÀ¾ÙzÎ$ò}êyÂ”¼c<Hˆ00I3Âãƒ —–ì7½cï›¹¢ý[œ’VB ×‰
ó äò~€{Xfò!HiF6aø¦dÅàçJ¨bØDÜýDÞZ¨´âØ=CÁAŒ‚ètåÙÍ+~É¼¶ã—}ØÕÏn®å	v*ˆíEÉ´ï˜üÐ_3CSsFKõs©…Aá7ÆiY¤&êzŸZ„#žæPØlò‹ƒZF‡6#…€ÁáC]åTš³hÊd›0´è¨îEçÊ™Ì\“G¬ªÖËhwvu·ª‹ŒM’5.ž¾:ý¡ÁÌ¹NQÌ V ¸•Þó™2ŽÒáú!ÄLsºŸ¶\ÐÅãƒv”Ä³õdåÍµ•²lµ¹yB0/žcÛ	qRKÂ¬
Ü›-FGpeSU·<²W†¤ï$ÉA8\Í+œ²F|zUæ#ãZtÀ½Ch‡¶ÈÌ5vcE|=`ÑEæ‚aó¨ÜÆS£~ª’Ej¶?©Õs3•—ïÛ t:È)‘CpùcªRbs¦‘?½ÛÞè¼ðïMx^ðÂ˜ß`˜}§ï–CyBûÿA2xP{\Þê=ÙxÝT ZÃ¤èø•ÜqAWê¬šSUPL„æ…‘jÏ+…Pjt3åø>|Ú”+¼;¯B¿_xŸpòú®óÑj4¬Ô°•ãkš@>ÔÌO†Ì§<ØÝFpºwn§ìšÔÕÌt\M:‚[]¿ŒÏ%]ñÁ«[ÖKMÊ1œ_¯ÍÔƒ<Ó”žLO¯_pÁâóª…&KÏók®4ð²Ûöe½">/
äVýOà]ÃNü¹¿¤¨wÞR4i7ŸÇ•Á¹¿ZÚÖS/EJ›Ëœ$•v‰œúƒ¾CïÌo½³'Ìzimç¦*€Úþzû¿„uÛ24{ÄÔU!!©hÒ„rº;I ÇÔ<þ»SÚ—kÒ©€ÆzÆ¶mV+ô[ÈÛ‘S(„'ê¼ysÅ·¾Ln½àá-Ù9h‹äÔxZ§Û`Adô¦ñ*šàñ•g_^|$Ÿ:lÒŠ¹+& zqd§¤‹"¾1)‘š¶);†ùrÇìÃÍ)¾”þœ×Èäå=;^—X+¾(“Æ]çqó`-mÿï`«\÷ðªüsÌ?ýþ$izŠ*YPà‹ï¡ÒýsÉ0QÒD£8ÐÌ-EUzkéô™ˆ®ÅñTgÚØZT<!ï·= è#háCjÉy¢ÒÄ˜›LOÍ¡ß¿}|uî¹mè€Ñ>D±©‚pÜ_ûLŒ.éžä¦ù­*I·×æ|^2>ß5H+ð:x6Q.Ä™oö'°u•ÃðáMÛ‡óÞ±È(¨Žª¡0“íô¦w4üÀºûñ˜øðž0z ß’ÿÓÙÔâï˜Á|ò¸Ìà›«:…-Ké³‡ú1äÝ$¾DùxiöÔ“Óxg½‚2†t8íÆVa”rD÷»×xsqP|œ/Íf&¤D-3ÀôéäUãƒqÑ¾z•ì}"Ù»ƒðg¤:t$8²œ®¸‹?k›'Pði+‹kKòC¶A’3Y%³°#;ãª³G *;š0r8×IGŠ—«=™SYý¾>­±LþwŸÛõL}÷4³šS¸_üä‡’uÜŠqìªþ©>‚‰z¥]P„÷mÇ—§¹ÊƒJC¥@ó
/¡ùŸ_çâ¦ë$	·sÉ]Ú ²hmá«ûGh7Í™Ü‘Ú¢+íQAq£»½ \mv™.|=´'.!ñ™ž[P€±†šY'T¿êHÒ\itÈy•„°÷Ít?vSû@h¼Å¿p!|&í÷|}ìÊ©¢[ŒfŒT¡…N¤è^í¶’T¾ÇB§ßxyÅ£hM	x™•agø;æmžXç›ìã±9óÀ‹A$‡l…7¹#ŸªŽ-¢¶³É"ú{º‡î"ý5
Èa¸Ñ™Ãmñ:¸]¶õsÈ<Ñ¢RtKiòm¡F9fÎc˜Þ¦ŸP÷ëMòãÕÆm8õÿ`‡¦oëº_e¡ªÎŸx(¯” ñ£æ*HK!@1M=1Ì†+ò’yMR)·b—¡à|6°­m¡&ÆYE \ÚÓ‹s[`K7mæž]OT¿A š«ð¬ó›‹d9äQUˆÏÙ¡—>š-‰·Fj„¾˜ï`]»o—Ê™kLÁ=‘á‹Á¸1O~òÿ_…‚è¯,'‹ööÏ/=D4	Y"#ÁsLºçÿã·$± \yñVÂb>Ü¿±W,›ý¤“ÿ]š5&
úÁ_í·Ë”MRö×ö˜ú×·Ò>~¿2ðâÀü(˜¼’ßÝš~Â._¸[ð>
ïÄ _»å ô’üó„}æmò«7 i‘é’SwÖëÅ{£Òcß(D·ˆ®È£PÛÏ»ìµ,ðÈ¾“îeÈOàWNk6s›„Ã…Ú¶žUáäèbêp_q˜rí‡Šmf;(:8ˆ‘u“N;„rJs|SšRpÐø¤{Ý¬|àt@iÉGÁi®Ï|J:œFÜ8ø§HŽÍóà"­õ{äÄ^¥³¢”PohrÐ3†-€ Èõ!éL zA+V³¼µ™J.§¯lÍ¶@Ðë#b€ÝT¬ ›¨ƒ?9¨¶tU¸A1¢¶´ž;F3U’¿…¦ã§¼h³· =‰¦p‰ÒO§wpÿ,t{’éÞ·cŽCº}Èƒ64Ài:YŠB“³Ô ì÷ªFHa'U¸˜œzlñBSµ‰»Úc„sÓic ¤áPu	öT˜lë1·õÎo¯6„*ªãÊÑ¬äRm” 3÷cQ·;>H’Èæ„iÄ™Pqb}Î)b§b³z­©„:~UNj˜y1¨>VRgŠÅ“€·Du-S£a(jÏf“š_^î]—œ›0\+¿J#nçb»-=å òt&ý«—BŸýO¶="!£± ð…¾ÞÞÿçú –ïï )Q3ÉœqÑ	Ž Ú_`êyså=ÿó¯çÐÿVžUýNwìøè`4¼Ï¥:úÐÓ<°H |Á^?=°\ÞëáfO¯¡Õ=¢	‡ø#$c
ˆD\·°`/*_p‚V°!²i¤ôTSÑ–,é€	k€'-ñP6>˜êóX6”&å€bk•ƒ‘Á°áì8BqjÌF‚Qƒ Ïæ±ˆÎoâ"æ³œö>›¿Ôxl1œ“½G!œó-ÿëÝEŽO»Æaûq&a2àŠ¼–Ósþ•w€…ÿ*¶õ³’¥ÁÊ†P±à®Àõ›( ¥ ‡Ž9:³ˆMµ.d]„KR&XT z6(Pÿ¨xû”¨{Ë<²ó(ÙpÅ!Ë78¹É4½Nç$5þ|WD3wi”zW,Ú.%H4¼©êÙ›H^"€è`§nŽV‹Á ¼ºÿÉ§6¥2ÅI(‚‡ÏRB«LR™8¶á©‚z0hÒßÐiTnâspäËâ|\W%Å&)ÜÖG)Öh¤Ö€²aY£SkÂ	ÛÃÊÜGoË®µÒ%®QƒVžõNì™›7Áü!£C–5Þ¦’x¥ém Ò´{¯E!žÿ¼’Ù+”MÞiêäZ>
#²·”’ü“¡QY¥¾·jŠ¹,tmªC8ok€ŸIÙ Ìì•1.ïÖKŒÊÙ/grjáÖ}Æa	«çÈzµJ“œV×¨ÝSc¿BjŽB ýéÄ$zù> œ€#˜º>}îÅéØ*§%2è’–½‡ìTôh $p-P…££Ç4"r…l?,9U7e"­}¾ª­ú3ìÍÐ¡nda[Ú/‰¢ËÞ!­ Ž‘.¾Mú–¸ÖÌ=LIÏcÔ8JàÃÄP¡Ü¹&ðªl›nµ	MÜ™žuÞì‡ k·(’ÌnˆX Ò«Tb;+õç›^ûG™lJ#ð­·²TtK‹Y“dW–}EÖþ þT#Ë¦ÿMŸHâD#æBàj=^`¼Ñ’´eÛÇè\FŠYÖOû‡?Š³ó¶ÁkQ©Û’¼é¡QU1Ä–QQ)¥—0U®xàže¾Yg1Ÿ¸Ï&SÊYh›yÈ$H•$™g·“*˜!¾,S¹Ë9&-“ŠMT·¹ï¢’M€¼7PÑ8å4$Øl–ð½J4j]a¢f–Zl^¨Ó«õºøÅ¡ÖËnËâÿýàFç\Ói l§ªÉ
Y°¯—"T~
¬P¥Z‰PdÑZã©ï]sÝú1q¦Œ÷47§ö%Øz½+,OËá§¶s:º™;a?œ%ÑA1íÊI>bö¥v'™ª™½Â€Àm¡KÓI¡i¸ÏlúÂÚŽÝôjàæ'ï©ËJ9ï
æóBr)ÉdFdŒJ&l¯*¹";#¡¤œ)àHyéXœ®™ /žé*› RnI'§êòZŠ6ˆñáä§!ïÞª8#wcO´g³½8/’>-=i
yQ,‘¦´ö4^áÐ•««½­rd´º¾‰7­¯¾0t®¨ËnêêšÂù¢àœ[WŸ™­vhE#:„ÓO÷²/n‡Sçª8<